
Microsoft Visual Studio Solution File, Format Version 12.00
# Visual Studio 15
VisualStudioVersion = 15.0.27703.2035
MinimumVisualStudioVersion = 10.0.40219.1
Project("{FAE04EC0-301F-11D3-BF4B-00C04F79EFBC}") = "BookRegistrationEF", "BookRegistrationEF\BookRegistrationEF.csproj", "{CA514E64-D513-4335-B663-E80D19BAE276}"
EndProject
Global
	GlobalSection(SolutionConfigurationPlatforms) = preSolution
		Debug|Any CPU = Debug|Any CPU
		Release|Any CPU = Release|Any CPU
	EndGlobalSection
	GlobalSection(ProjectConfigurationPlatforms) = postSolution
		{CA514E64-D513-4335-B663-E80D19BAE276}.Debug|Any CPU.ActiveCfg = Debug|Any CPU
		{CA514E64-D513-4335-B663-E80D19BAE276}.Debug|Any CPU.Build.0 = Debug|Any CPU
		{CA514E64-D513-4335-B663-E80D19BAE276}.Release|Any CPU.ActiveCfg = Release|Any CPU
		{CA514E64-D513-4335-B663-E80D19BAE276}.Release|Any CPU.Build.0 = Release|Any CPU
	EndGlobalSection
	GlobalSection(SolutionProperties) = preSolution
		HideSolutionNode = FALSE
	EndGlobalSection
	GlobalSection(ExtensibilityGlobals) = postSolution
		SolutionGuid = {CC4954F6-A26C-4787-8157-D7B267B50AAB}
	EndGlobalSection
EndGlobal
